
Microsoft Visual Studio Solution File, Format Version 12.00
# Visual Studio Version 17
VisualStudioVersion = 17.9.34622.214
MinimumVisualStudioVersion = 10.0.40219.1
Project("{FAE04EC0-301F-11D3-BF4B-00C04F79EFBC}") = "RGBFunction", "RGBFunction\RGBFunction.csproj", "{376E09BA-08D4-4B2F-843B-1A408E47C892}"
EndProject
Global
	GlobalSection(SolutionConfigurationPlatforms) = preSolution
		Debug|Any CPU = Debug|Any CPU
		Release|Any CPU = Release|Any CPU
	EndGlobalSection
	GlobalSection(ProjectConfigurationPlatforms) = postSolution
		{376E09BA-08D4-4B2F-843B-1A408E47C892}.Debug|Any CPU.ActiveCfg = Debug|Any CPU
		{376E09BA-08D4-4B2F-843B-1A408E47C892}.Debug|Any CPU.Build.0 = Debug|Any CPU
		{376E09BA-08D4-4B2F-843B-1A408E47C892}.Release|Any CPU.ActiveCfg = Release|Any CPU
		{376E09BA-08D4-4B2F-843B-1A408E47C892}.Release|Any CPU.Build.0 = Release|Any CPU
	EndGlobalSection
	GlobalSection(SolutionProperties) = preSolution
		HideSolutionNode = FALSE
	EndGlobalSection
	GlobalSection(ExtensibilityGlobals) = postSolution
		SolutionGuid = {393F4A8D-0440-450C-8B0E-1959210F2A8D}
	EndGlobalSection
EndGlobal
